<?xml version="1.0" encoding="utf-8"?>
<Project ToolsVersion="4.0" xmlns="http://schemas.microsoft.com/developer/msbuild/2003">
  <ItemGroup>
    <Filter Include="Source Files">
      <UniqueIdentifier>{4FC737F1-C7A5-4376-A066-2A32D752A2FF}</UniqueIdentifier>
      <Extensions>cpp;c;cc;cxx;def;odl;idl;hpj;bat;asm;asmx</Extensions>
    </Filter>
    <Filter Include="Header Files">
      <UniqueIdentifier>{93995380-89BD-4b04-88EB-625FBE52EBFB}</UniqueIdentifier>
      <Extensions>h;hh;hpp;hxx;hm;inl;inc;xsd</Extensions>
    </Filter>
    <Filter Include="Resource Files">
      <UniqueIdentifier>{D9D6E242-F8AF-46E4-B9FD-80ECBC20BA3E}</UniqueIdentifier>
      <Extensions>qrc;*</Extensions>
      <ParseFiles>false</ParseFiles>
    </Filter>
    <Filter Include="Form Files">
      <UniqueIdentifier>{99349809-55BA-4b9d-BF79-8FDBB0286EB3}</UniqueIdentifier>
      <Extensions>ui</Extensions>
    </Filter>
    <Filter Include="Resource Files">
      <UniqueIdentifier>{D9D6E242-F8AF-46E4-B9FD-80ECBC20BA3E}</UniqueIdentifier>
      <Extensions>qrc;*</Extensions>
      <ParseFiles>false</ParseFiles>
    </Filter>
    <Filter Include="Generated Files">
      <UniqueIdentifier>{71ED8ED8-ACB9-4CE9-BBE1-E00B30144E11}</UniqueIdentifier>
      <Extensions>moc;h;cpp</Extensions>
      <SourceControlFiles>False</SourceControlFiles>
    </Filter>
  </ItemGroup>
  <ItemGroup>
    <ClCompile Include="main.cpp">
      <Filter>Source Files</Filter>
    </ClCompile>
    <ClCompile Include="Dialog.cpp">
      <Filter>Source Files</Filter>
    </ClCompile>
    <ClCompile Include="PCLViewer.cpp">
      <Filter>Source Files</Filter>
    </ClCompile>
    <ClCompile Include="RemovePointCloudDialog.cpp">
      <Filter>Source Files</Filter>
    </ClCompile>
    <ClCompile Include="PlaneDetectSetParamDialog.cpp">
      <Filter>Source Files</Filter>
    </ClCompile>
    <ClCompile Include="snappingvertices.cpp">
      <Filter>Source Files</Filter>
    </ClCompile>
    <ClCompile Include="HiDialog.cpp">
      <Filter>Source Files</Filter>
    </ClCompile>
    <ClCompile Include="SetParams_SimpilyVerticessize_Dialog.cpp">
      <Filter>Source Files</Filter>
    </ClCompile>
    <ClCompile Include="SetParams_Mergingvertices_Dialog.cpp">
      <Filter>Source Files</Filter>
    </ClCompile>
    <ClCompile Include="HoleFillingInteractiveOperationDialog.cpp">
      <Filter>Source Files</Filter>
    </ClCompile>
    <ClCompile Include="ControlOptimizationSnappingDialog.cpp">
      <Filter>Source Files</Filter>
    </ClCompile>
    <ClCompile Include="SetPointCloudProDialog.cpp">
      <Filter>Source Files</Filter>
    </ClCompile>
    <ClCompile Include="RegulateNormalDialog.cpp">
      <Filter>Source Files</Filter>
    </ClCompile>
    <ClCompile Include="SetBGColorDialog.cpp">
      <Filter>Source Files</Filter>
    </ClCompile>
    <ClCompile Include="ConstrainedDelaunayTriangulation.cpp">
      <Filter>Source Files</Filter>
    </ClCompile>
    <ClCompile Include="HoleFilling.cpp">
      <Filter>Source Files</Filter>
    </ClCompile>
    <ClCompile Include="EarClip2.cpp">
      <Filter>Source Files</Filter>
    </ClCompile>
    <ClCompile Include="EarClip.cpp">
      <Filter>Source Files</Filter>
    </ClCompile>
    <ClCompile Include="OSnap.cpp">
      <Filter>Source Files</Filter>
    </ClCompile>
    <ClCompile Include="SimplifyVerticesSize.cpp">
      <Filter>Source Files</Filter>
    </ClCompile>
  </ItemGroup>
  <ItemGroup>
    <QtMoc Include="Dialog.h">
      <Filter>Header Files</Filter>
    </QtMoc>
    <QtMoc Include="PCLViewer.h">
      <Filter>Header Files</Filter>
    </QtMoc>
    <QtMoc Include="HoleFillingInteractiveOperationDialog.h">
      <Filter>Header Files</Filter>
    </QtMoc>
    <QtMoc Include="HiDialog.h">
      <Filter>Header Files</Filter>
    </QtMoc>
    <QtMoc Include="SetPointCloudProDialog.h">
      <Filter>Header Files</Filter>
    </QtMoc>
    <QtMoc Include="RegulateNormalDialog.h">
      <Filter>Header Files</Filter>
    </QtMoc>
    <QtMoc Include="PlaneDetectSetParamDialog.h">
      <Filter>Header Files</Filter>
    </QtMoc>
    <QtMoc Include="SetBGColorDialog.h">
      <Filter>Header Files</Filter>
    </QtMoc>
    <QtMoc Include="ControlOptimizationSnappingDialog.h">
      <Filter>Header Files</Filter>
    </QtMoc>
    <QtMoc Include="SetParams_Mergingvertices_Dialog.h">
      <Filter>Header Files</Filter>
    </QtMoc>
    <QtMoc Include="SetParams_SimpilyVerticessize_Dialog.h">
      <Filter>Header Files</Filter>
    </QtMoc>
    <QtMoc Include="RemovePointCloudDialog.h">
      <Filter>Header Files</Filter>
    </QtMoc>
  </ItemGroup>
  <ItemGroup>
    <QtUic Include="Dialog.ui">
      <Filter>Form Files</Filter>
    </QtUic>
    <QtUic Include="PCLViewer.ui">
      <Filter>Form Files</Filter>
    </QtUic>
    <QtUic Include="HiDialog.ui">
      <Filter>Form Files</Filter>
    </QtUic>
    <QtUic Include="ControlOptimizationSnappingDialog.ui">
      <Filter>Form Files</Filter>
    </QtUic>
    <QtUic Include="SetPointCloudProDialog.ui">
      <Filter>Form Files</Filter>
    </QtUic>
    <QtUic Include="RegulateNormalDialog.ui">
      <Filter>Form Files</Filter>
    </QtUic>
    <QtUic Include="RemovePointCloudDialog.ui">
      <Filter>Form Files</Filter>
    </QtUic>
    <QtUic Include="PlaneDetectSetParamDialog.ui">
      <Filter>Form Files</Filter>
    </QtUic>
    <QtUic Include="SetBGColorDialog.ui">
      <Filter>Form Files</Filter>
    </QtUic>
    <QtUic Include="HoleFillingInteractiveOperationDialog.ui">
      <Filter>Form Files</Filter>
    </QtUic>
    <QtUic Include="SetParams_Mergingvertices_Dialog.ui">
      <Filter>Form Files</Filter>
    </QtUic>
    <QtUic Include="SetParams_SimpilyVerticessize_Dialog.ui">
      <Filter>Form Files</Filter>
    </QtUic>
  </ItemGroup>
  <ItemGroup>
    <QtRcc Include="Dialog.qrc">
      <Filter>Resource Files</Filter>
    </QtRcc>
  </ItemGroup>
  <ItemGroup>
    <ClInclude Include="PlaneDetect.h">
      <Filter>Header Files</Filter>
    </ClInclude>
    <ClInclude Include="HeaderFile.h">
      <Filter>Header Files</Filter>
    </ClInclude>
    <ClInclude Include="HoleFilling_PLY.h">
      <Filter>Header Files</Filter>
    </ClInclude>
    <ClInclude Include="EarClip2.h">
      <Filter>Header Files</Filter>
    </ClInclude>
    <ClInclude Include="snappingvertices.h">
      <Filter>Header Files</Filter>
    </ClInclude>
    <ClInclude Include="OSnap.h">
      <Filter>Header Files</Filter>
    </ClInclude>
    <ClInclude Include="HoleFilling.h">
      <Filter>Header Files</Filter>
    </ClInclude>
    <ClInclude Include="ConstrainedDelaunayTriangulation.h">
      <Filter>Header Files</Filter>
    </ClInclude>
    <ClInclude Include="TriangularMeshing.h">
      <Filter>Header Files</Filter>
    </ClInclude>
    <ClInclude Include="Registration.h">
      <Filter>Header Files</Filter>
    </ClInclude>
    <ClInclude Include="EarClip.h">
      <Filter>Header Files</Filter>
    </ClInclude>
    <ClInclude Include="initialPoly.h">
      <Filter>Header Files</Filter>
    </ClInclude>
    <ClInclude Include="SimplifyVerticesSize.h">
      <Filter>Header Files</Filter>
    </ClInclude>
    <ClInclude Include="Commen.h">
      <Filter>Header Files</Filter>
    </ClInclude>
    <ClInclude Include="Event.h">
      <Filter>Header Files</Filter>
    </ClInclude>
  </ItemGroup>
</Project>